
Microsoft Visual Studio Solution File, Format Version 12.00
# Visual Studio Version 17
VisualStudioVersion = 17.14.36121.58 d17.14
MinimumVisualStudioVersion = 10.0.40219.1
Project("{FAE04EC0-301F-11D3-BF4B-00C04F79EFBC}") = "retail-app-tester", "retail-app-tester.csproj", "{160AD0BD-7051-4DE4-8FFF-4266E6C7D826}"
EndProject
Global
	GlobalSection(SolutionConfigurationPlatforms) = preSolution
		Debug|Any CPU = Debug|Any CPU
		Release|Any CPU = Release|Any CPU
	EndGlobalSection
	GlobalSection(ProjectConfigurationPlatforms) = postSolution
		{160AD0BD-7051-4DE4-8FFF-4266E6C7D826}.Debug|Any CPU.ActiveCfg = Debug|Any CPU
		{160AD0BD-7051-4DE4-8FFF-4266E6C7D826}.Debug|Any CPU.Build.0 = Debug|Any CPU
		{160AD0BD-7051-4DE4-8FFF-4266E6C7D826}.Release|Any CPU.ActiveCfg = Release|Any CPU
		{160AD0BD-7051-4DE4-8FFF-4266E6C7D826}.Release|Any CPU.Build.0 = Release|Any CPU
	EndGlobalSection
	GlobalSection(SolutionProperties) = preSolution
		HideSolutionNode = FALSE
	EndGlobalSection
	GlobalSection(ExtensibilityGlobals) = postSolution
		SolutionGuid = {0872163F-2E27-4743-9467-5EF4D4035725}
	EndGlobalSection
EndGlobal
